
Microsoft Visual Studio Solution File, Format Version 12.00
# Visual Studio 15
VisualStudioVersion = 15.0.28010.2050
MinimumVisualStudioVersion = 10.0.40219.1
Project("{9A19103F-16F7-4668-BE54-9A1E7A4F7556}") = "DesEncoder", "DesEncoder\DesEncoder.csproj", "{CDA7AD39-728F-4D3F-8EE8-701938391842}"
EndProject
Global
	GlobalSection(SolutionConfigurationPlatforms) = preSolution
		Debug|Any CPU = Debug|Any CPU
		Release|Any CPU = Release|Any CPU
	EndGlobalSection
	GlobalSection(ProjectConfigurationPlatforms) = postSolution
		{CDA7AD39-728F-4D3F-8EE8-701938391842}.Debug|Any CPU.ActiveCfg = Debug|Any CPU
		{CDA7AD39-728F-4D3F-8EE8-701938391842}.Debug|Any CPU.Build.0 = Debug|Any CPU
		{CDA7AD39-728F-4D3F-8EE8-701938391842}.Release|Any CPU.ActiveCfg = Release|Any CPU
		{CDA7AD39-728F-4D3F-8EE8-701938391842}.Release|Any CPU.Build.0 = Release|Any CPU
	EndGlobalSection
	GlobalSection(SolutionProperties) = preSolution
		HideSolutionNode = FALSE
	EndGlobalSection
	GlobalSection(ExtensibilityGlobals) = postSolution
		SolutionGuid = {B0654C6C-5682-4BDC-B950-B7106066B35E}
	EndGlobalSection
EndGlobal
